{
  "lockfileVersion": 1,
  "workspaces": {
    "": {
      "name": "@jtclarkjr/supabase-rest-client",
      "devDependencies": {
        "@types/bun": "^1.2.20",
        "oxlint": "^1.11.2",
        "typescript": "^5.9.0",
      },
      "peerDependencies": {
        "typescript": "^5.0.0",
      },
    },
  },
  "packages": {
    "@oxlint-tsgolint/darwin-arm64": ["@oxlint-tsgolint/darwin-arm64@0.0.2", "", { "os": "darwin", "cpu": "arm64" }, "sha512-LH6tDgvQkF7ui+lNuRjJeaJTdYCfxMXI0j8YTbbLVSHz42EI5DTJDtngsCd2dSlUfKAJqaehECKccqcJ3yueHQ=="],

    "@oxlint-tsgolint/darwin-x64": ["@oxlint-tsgolint/darwin-x64@0.0.2", "", { "os": "darwin", "cpu": "x64" }, "sha512-VEUXK5h4ZyCM3O++dK7A+IcqwqWv8zfRKyM1vgcIrnQXtwvbs9KFyK6I0BSnMBCV9be67b9Gl7TDeSS8jBchpw=="],

    "@oxlint-tsgolint/linux-arm64": ["@oxlint-tsgolint/linux-arm64@0.0.2", "", { "os": "linux", "cpu": "arm64" }, "sha512-A/NtWuq+u+Y6oAo7p6D18rmkckHL/nx0GrqlZvfHAWOJYXXLanLX0QozPPDoSH8zRwHc7W7t95JU8awS7Krp4Q=="],

    "@oxlint-tsgolint/linux-x64": ["@oxlint-tsgolint/linux-x64@0.0.2", "", { "os": "linux", "cpu": "x64" }, "sha512-p42pKfILRhm/cE8Y5BgXlQpM22Q+Olhy9A60VvOW0epu/Vr/FtUa/MbZJ2wGRuAKSm8oW9JhgjIj5laSWAX8vg=="],

    "@oxlint-tsgolint/win32-arm64": ["@oxlint-tsgolint/win32-arm64@0.0.2", "", { "os": "win32", "cpu": "arm64" }, "sha512-LTKCeeKZRd4vT+C3y7d0KEYqAzIiLvf/189H6ispKtfyKeQKxOGU+XG9xRP4GovPvZOYL6fIsVxe09BUaNuDnA=="],

    "@oxlint-tsgolint/win32-x64": ["@oxlint-tsgolint/win32-x64@0.0.2", "", { "os": "win32", "cpu": "x64" }, "sha512-SdrPYSkBHd43WY5h78ICLVS851/379pzIjUVM1LDltZuAgv209H8f1/g5cdX4gY46RDvV86guLh+PbfMHHugog=="],

    "@oxlint/darwin-arm64": ["@oxlint/darwin-arm64@1.11.2", "", { "os": "darwin", "cpu": "arm64" }, "sha512-eJZ1VKaS9qj44FTus3qTu790xMnJ/GViJcoVF3zNux5m3lOiWhwJB149+P7a7LcTowNdc26i1DmwcWxUllPwZw=="],

    "@oxlint/darwin-x64": ["@oxlint/darwin-x64@1.11.2", "", { "os": "darwin", "cpu": "x64" }, "sha512-KH9BJ5ObkReIr00IbGaImqL2q4CCjIAk9HxgULvWpjSnqUL7OgJFZAabb9Z5ZS0+RyZrKUtd1ZU/Ackb6k4G3Q=="],

    "@oxlint/linux-arm64-gnu": ["@oxlint/linux-arm64-gnu@1.11.2", "", { "os": "linux", "cpu": "arm64" }, "sha512-nIhyGApnEuqLazaSwvEkg5pMm2rlBPJccAGrNmJPcMukKbD5fUYyuCvkm9CFUqTm1+MIYrs5bTeRhnDSEa2mYw=="],

    "@oxlint/linux-arm64-musl": ["@oxlint/linux-arm64-musl@1.11.2", "", { "os": "linux", "cpu": "arm64" }, "sha512-ifrqaBwVYt3g6GUbIwF9G9pTvkIvbs47F47oSjVogdy5hn2yEEi1zxyYGV9AFF3zVMgp2xDIO8G/gTuz1WPHkg=="],

    "@oxlint/linux-x64-gnu": ["@oxlint/linux-x64-gnu@1.11.2", "", { "os": "linux", "cpu": "x64" }, "sha512-yWCgoOQ0xA/AxJ7ruLMR/YMKYEwV048vrWftZGCjKPYgZeZe9bpghAoRlLi6qjw7ReNpctk9Ho+l35TYXNqhzA=="],

    "@oxlint/linux-x64-musl": ["@oxlint/linux-x64-musl@1.11.2", "", { "os": "linux", "cpu": "x64" }, "sha512-nYer9TaY/gC+kVwOfb9DxZh0dNdqFI8ax/MD9TwH8p3ZnWuUe1Ocfpg0V94tuPoGxHFqcXU7GRD1cTvREHfcTg=="],

    "@oxlint/win32-arm64": ["@oxlint/win32-arm64@1.11.2", "", { "os": "win32", "cpu": "arm64" }, "sha512-zbfZ7r68MyxQ2GAg/jFzIQCFrL8lcwnxfIEqY+V16/Xcd1rZVfMH3PwJMloib26pOLH6/RUlC5IjdVo8icadHA=="],

    "@oxlint/win32-x64": ["@oxlint/win32-x64@1.11.2", "", { "os": "win32", "cpu": "x64" }, "sha512-eSATaCIUwdh+t9gu9xoETjh+0PYwjVSLtnZ20XakKNjvee4KmQbWXCxXyA1vz1E0qxiUX/fYqsaOHueIwQ2LVA=="],

    "@types/bun": ["@types/bun@1.2.20", "", { "dependencies": { "bun-types": "1.2.20" } }, "sha512-dX3RGzQ8+KgmMw7CsW4xT5ITBSCrSbfHc36SNT31EOUg/LA9JWq0VDdEXDRSe1InVWpd2yLUM1FUF/kEOyTzYA=="],

    "@types/node": ["@types/node@20.19.11", "", { "dependencies": { "undici-types": "~6.21.0" } }, "sha512-uug3FEEGv0r+jrecvUUpbY8lLisvIjg6AAic6a2bSP5OEOLeJsDSnvhCDov7ipFFMXS3orMpzlmi0ZcuGkBbow=="],

    "@types/react": ["@types/react@19.1.10", "", { "dependencies": { "csstype": "^3.0.2" } }, "sha512-EhBeSYX0Y6ye8pNebpKrwFJq7BoQ8J5SO6NlvNwwHjSj6adXJViPQrKlsyPw7hLBLvckEMO1yxeGdR82YBBlDg=="],

    "bun-types": ["bun-types@1.2.20", "", { "dependencies": { "@types/node": "*" }, "peerDependencies": { "@types/react": "^19" } }, "sha512-pxTnQYOrKvdOwyiyd/7sMt9yFOenN004Y6O4lCcCUoKVej48FS5cvTw9geRaEcB9TsDZaJKAxPTVvi8tFsVuXA=="],

    "csstype": ["csstype@3.1.3", "", {}, "sha512-M1uQkMl8rQK/szD0LNhtqxIPLpimGm8sOBwU7lLnCpSbTyY3yeU1Vc7l4KT5zT4s/yOxHH5O7tIuuLOCnLADRw=="],

    "oxlint": ["oxlint@1.11.2", "", { "optionalDependencies": { "@oxlint/darwin-arm64": "1.11.2", "@oxlint/darwin-x64": "1.11.2", "@oxlint/linux-arm64-gnu": "1.11.2", "@oxlint/linux-arm64-musl": "1.11.2", "@oxlint/linux-x64-gnu": "1.11.2", "@oxlint/linux-x64-musl": "1.11.2", "@oxlint/win32-arm64": "1.11.2", "@oxlint/win32-x64": "1.11.2", "oxlint-tsgolint": ">=0.0.1" }, "bin": { "oxlint": "bin/oxlint", "oxc_language_server": "bin/oxc_language_server" } }, "sha512-/MDUxbel5vrwxWgiGU6hZzhDiTv0TUlyZak+WP+SaTO709du+6F07zCDvYj5lgkAnEcFbdrUlA67HEnleGR0Zw=="],

    "oxlint-tsgolint": ["oxlint-tsgolint@0.0.2", "", { "optionalDependencies": { "@oxlint-tsgolint/darwin-arm64": "0.0.2", "@oxlint-tsgolint/darwin-x64": "0.0.2", "@oxlint-tsgolint/linux-arm64": "0.0.2", "@oxlint-tsgolint/linux-x64": "0.0.2", "@oxlint-tsgolint/win32-arm64": "0.0.2", "@oxlint-tsgolint/win32-x64": "0.0.2" }, "bin": { "tsgolint": "bin/tsgolint.js" } }, "sha512-afl7YXlHyiLb7YxL6ixAQ/1JLBy52vzk07+fTT53tPdyUZPpbkJz1CJMGNLteaX1t+vDq6wXdCj4xTO2jcViGQ=="],

    "typescript": ["typescript@5.9.2", "", { "bin": { "tsc": "bin/tsc", "tsserver": "bin/tsserver" } }, "sha512-CWBzXQrc/qOkhidw1OzBTQuYRbfyxDXJMVJ1XNwUHGROVmuaeiEm3OslpZ1RV96d7SKKjZKrSJu3+t/xlw3R9A=="],

    "undici-types": ["undici-types@6.21.0", "", {}, "sha512-iwDZqg0QAGrg9Rav5H4n0M64c3mkR59cJ6wQp+7C4nI0gsmExaedaYLNO44eT4AtBBwjbTiGPMlt2Md0T9H9JQ=="],
  }
}
